// !$*UTF8*$!
{
	archiveVersion = 1;
	classes = {
	};
	objectVersion = 46;
	objects = {

/* Begin PBXBuildFile section */
		303A90F61F3354A500102C51 /* CategoryCell.swift in Sources */ = {isa = PBXBuildFile; fileRef = 303A90F51F3354A500102C51 /* CategoryCell.swift */; };
		303A90F81F335A0B00102C51 /* AppCell.swift in Sources */ = {isa = PBXBuildFile; fileRef = 303A90F71F335A0B00102C51 /* AppCell.swift */; };
		303A90FB1F345EE500102C51 /* AppCategory.swift in Sources */ = {isa = PBXBuildFile; fileRef = 303A90FA1F345EE500102C51 /* AppCategory.swift */; };
		303A90FD1F345F1F00102C51 /* App.swift in Sources */ = {isa = PBXBuildFile; fileRef = 303A90FC1F345F1F00102C51 /* App.swift */; };
		306CE2031F33529800387F54 /* AppDelegate.swift in Sources */ = {isa = PBXBuildFile; fileRef = 306CE2021F33529800387F54 /* AppDelegate.swift */; };
		306CE2051F33529800387F54 /* FeaturedAppsController.swift in Sources */ = {isa = PBXBuildFile; fileRef = 306CE2041F33529800387F54 /* FeaturedAppsController.swift */; };
		306CE20B1F33529800387F54 /* AppStoreClone.xcdatamodeld in Sources */ = {isa = PBXBuildFile; fileRef = 306CE2091F33529800387F54 /* AppStoreClone.xcdatamodeld */; };
		306CE20D1F33529800387F54 /* Assets.xcassets in Resources */ = {isa = PBXBuildFile; fileRef = 306CE20C1F33529800387F54 /* Assets.xcassets */; };
		306CE2101F33529800387F54 /* LaunchScreen.storyboard in Resources */ = {isa = PBXBuildFile; fileRef = 306CE20E1F33529800387F54 /* LaunchScreen.storyboard */; };
		3085CFF41F34A32000D4D54B /* LargeCategoryCell.swift in Sources */ = {isa = PBXBuildFile; fileRef = 3085CFF31F34A32000D4D54B /* LargeCategoryCell.swift */; };
		3085CFF81F34A87900D4D54B /* Header.swift in Sources */ = {isa = PBXBuildFile; fileRef = 3085CFF71F34A87900D4D54B /* Header.swift */; };
		3085CFFA1F34AD8D00D4D54B /* FeaturedApps.swift in Sources */ = {isa = PBXBuildFile; fileRef = 3085CFF91F34AD8D00D4D54B /* FeaturedApps.swift */; };
		3085CFFE1F34B64100D4D54B /* SnappingCollectionViewLayout.swift in Sources */ = {isa = PBXBuildFile; fileRef = 3085CFFD1F34B64100D4D54B /* SnappingCollectionViewLayout.swift */; };
		C81F067A3240BA8227187A97 /* Pods_AppStoreClone.framework in Frameworks */ = {isa = PBXBuildFile; fileRef = F12A5A0303A3D8B2323EE8E0 /* Pods_AppStoreClone.framework */; };
/* End PBXBuildFile section */

/* Begin PBXFileReference section */
		303A90F51F3354A500102C51 /* CategoryCell.swift */ = {isa = PBXFileReference; fileEncoding = 4; lastKnownFileType = sourcecode.swift; path = CategoryCell.swift; sourceTree = "<group>"; };
		303A90F71F335A0B00102C51 /* AppCell.swift */ = {isa = PBXFileReference; fileEncoding = 4; lastKnownFileType = sourcecode.swift; path = AppCell.swift; sourceTree = "<group>"; };
		303A90FA1F345EE500102C51 /* AppCategory.swift */ = {isa = PBXFileReference; fileEncoding = 4; lastKnownFileType = sourcecode.swift; path = AppCategory.swift; sourceTree = "<group>"; };
		303A90FC1F345F1F00102C51 /* App.swift */ = {isa = PBXFileReference; fileEncoding = 4; lastKnownFileType = sourcecode.swift; path = App.swift; sourceTree = "<group>"; };
		306CE1FF1F33529800387F54 /* AppStoreClone.app */ = {isa = PBXFileReference; explicitFileType = wrapper.application; includeInIndex = 0; path = AppStoreClone.app; sourceTree = BUILT_PRODUCTS_DIR; };
		306CE2021F33529800387F54 /* AppDelegate.swift */ = {isa = PBXFileReference; lastKnownFileType = sourcecode.swift; path = AppDelegate.swift; sourceTree = "<group>"; };
		306CE2041F33529800387F54 /* FeaturedAppsController.swift */ = {isa = PBXFileReference; lastKnownFileType = sourcecode.swift; path = FeaturedAppsController.swift; sourceTree = "<group>"; };
		306CE20A1F33529800387F54 /* AppStoreClone.xcdatamodel */ = {isa = PBXFileReference; lastKnownFileType = wrapper.xcdatamodel; path = AppStoreClone.xcdatamodel; sourceTree = "<group>"; };
		306CE20C1F33529800387F54 /* Assets.xcassets */ = {isa = PBXFileReference; lastKnownFileType = folder.assetcatalog; path = Assets.xcassets; sourceTree = "<group>"; };
		306CE20F1F33529800387F54 /* Base */ = {isa = PBXFileReference; lastKnownFileType = file.storyboard; name = Base; path = Base.lproj/LaunchScreen.storyboard; sourceTree = "<group>"; };
		306CE2111F33529800387F54 /* Info.plist */ = {isa = PBXFileReference; lastKnownFileType = text.plist.xml; path = Info.plist; sourceTree = "<group>"; };
		3085CFF31F34A32000D4D54B /* LargeCategoryCell.swift */ = {isa = PBXFileReference; fileEncoding = 4; lastKnownFileType = sourcecode.swift; path = LargeCategoryCell.swift; sourceTree = "<group>"; };
		3085CFF71F34A87900D4D54B /* Header.swift */ = {isa = PBXFileReference; fileEncoding = 4; lastKnownFileType = sourcecode.swift; path = Header.swift; sourceTree = "<group>"; };
		3085CFF91F34AD8D00D4D54B /* FeaturedApps.swift */ = {isa = PBXFileReference; fileEncoding = 4; lastKnownFileType = sourcecode.swift; path = FeaturedApps.swift; sourceTree = "<group>"; };
		3085CFFD1F34B64100D4D54B /* SnappingCollectionViewLayout.swift */ = {isa = PBXFileReference; fileEncoding = 4; lastKnownFileType = sourcecode.swift; path = SnappingCollectionViewLayout.swift; sourceTree = "<group>"; };
		F12A5A0303A3D8B2323EE8E0 /* Pods_AppStoreClone.framework */ = {isa = PBXFileReference; explicitFileType = wrapper.framework; includeInIndex = 0; path = Pods_AppStoreClone.framework; sourceTree = BUILT_PRODUCTS_DIR; };
		F18693C78BB715FE2098C7BA /* Pods-AppStoreClone.debug.xcconfig */ = {isa = PBXFileReference; includeInIndex = 1; lastKnownFileType = text.xcconfig; name = "Pods-AppStoreClone.debug.xcconfig"; path = "Pods/Target Support Files/Pods-AppStoreClone/Pods-AppStoreClone.debug.xcconfig"; sourceTree = "<group>"; };
		F20075F2D73E20F93F910225 /* Pods-AppStoreClone.release.xcconfig */ = {isa = PBXFileReference; includeInIndex = 1; lastKnownFileType = text.xcconfig; name = "Pods-AppStoreClone.release.xcconfig"; path = "Pods/Target Support Files/Pods-AppStoreClone/Pods-AppStoreClone.release.xcconfig"; sourceTree = "<group>"; };
/* End PBXFileReference section */

/* Begin PBXFrameworksBuildPhase section */
		306CE1FC1F33529800387F54 /* Frameworks */ = {
			isa = PBXFrameworksBuildPhase;
			buildActionMask = 2147483647;
			files = (
				C81F067A3240BA8227187A97 /* Pods_AppStoreClone.framework in Frameworks */,
			);
			runOnlyForDeploymentPostprocessing = 0;
		};
/* End PBXFrameworksBuildPhase section */

/* Begin PBXGroup section */
		303A90F91F345ED300102C51 /* Models */ = {
			isa = PBXGroup;
			children = (
				303A90FA1F345EE500102C51 /* AppCategory.swift */,
				303A90FC1F345F1F00102C51 /* App.swift */,
				3085CFF91F34AD8D00D4D54B /* FeaturedApps.swift */,
			);
			name = Models;
			sourceTree = "<group>";
		};
		306CE1F61F33529800387F54 = {
			isa = PBXGroup;
			children = (
				306CE2011F33529800387F54 /* AppStoreClone */,
				306CE2001F33529800387F54 /* Products */,
				C10D9F0F9A86A8CAD5377427 /* Pods */,
				57957C6D21CA46FD5E3EFE53 /* Frameworks */,
			);
			sourceTree = "<group>";
		};
		306CE2001F33529800387F54 /* Products */ = {
			isa = PBXGroup;
			children = (
				306CE1FF1F33529800387F54 /* AppStoreClone.app */,
			);
			name = Products;
			sourceTree = "<group>";
		};
		306CE2011F33529800387F54 /* AppStoreClone */ = {
			isa = PBXGroup;
			children = (
				303A90F91F345ED300102C51 /* Models */,
				3085CFFB1F34B23E00D4D54B /* Views */,
				3085CFFC1F34B25100D4D54B /* Controllers */,
				306CE20C1F33529800387F54 /* Assets.xcassets */,
				306CE20E1F33529800387F54 /* LaunchScreen.storyboard */,
				306CE2111F33529800387F54 /* Info.plist */,
				306CE2091F33529800387F54 /* AppStoreClone.xcdatamodeld */,
			);
			path = AppStoreClone;
			sourceTree = "<group>";
		};
		3085CFFB1F34B23E00D4D54B /* Views */ = {
			isa = PBXGroup;
			children = (
				303A90F51F3354A500102C51 /* CategoryCell.swift */,
				3085CFF31F34A32000D4D54B /* LargeCategoryCell.swift */,
				303A90F71F335A0B00102C51 /* AppCell.swift */,
				3085CFF71F34A87900D4D54B /* Header.swift */,
				3085CFFD1F34B64100D4D54B /* SnappingCollectionViewLayout.swift */,
			);
			name = Views;
			sourceTree = "<group>";
		};
		3085CFFC1F34B25100D4D54B /* Controllers */ = {
			isa = PBXGroup;
			children = (
				306CE2041F33529800387F54 /* FeaturedAppsController.swift */,
				306CE2021F33529800387F54 /* AppDelegate.swift */,
			);
			name = Controllers;
			sourceTree = "<group>";
		};
		57957C6D21CA46FD5E3EFE53 /* Frameworks */ = {
			isa = PBXGroup;
			children = (
				F12A5A0303A3D8B2323EE8E0 /* Pods_AppStoreClone.framework */,
			);
			name = Frameworks;
			sourceTree = "<group>";
		};
		C10D9F0F9A86A8CAD5377427 /* Pods */ = {
			isa = PBXGroup;
			children = (
				F18693C78BB715FE2098C7BA /* Pods-AppStoreClone.debug.xcconfig */,
				F20075F2D73E20F93F910225 /* Pods-AppStoreClone.release.xcconfig */,
			);
			name = Pods;
			sourceTree = "<group>";
		};
/* End PBXGroup section */

/* Begin PBXNativeTarget section */
		306CE1FE1F33529800387F54 /* AppStoreClone */ = {
			isa = PBXNativeTarget;
			buildConfigurationList = 306CE2141F33529800387F54 /* Build configuration list for PBXNativeTarget "AppStoreClone" */;
			buildPhases = (
				A1E50A631B0F33DF9CA2F4F7 /* [CP] Check Pods Manifest.lock */,
				306CE1FB1F33529800387F54 /* Sources */,
				306CE1FC1F33529800387F54 /* Frameworks */,
				306CE1FD1F33529800387F54 /* Resources */,
				014C3C9C4C7AD279BF15E42F /* [CP] Embed Pods Frameworks */,
				9ED0EE9EB34BA3BDCBC28F14 /* [CP] Copy Pods Resources */,
			);
			buildRules = (
			);
			dependencies = (
			);
			name = AppStoreClone;
			productName = AppStoreClone;
			productReference = 306CE1FF1F33529800387F54 /* AppStoreClone.app */;
			productType = "com.apple.product-type.application";
		};
/* End PBXNativeTarget section */

/* Begin PBXProject section */
		306CE1F71F33529800387F54 /* Project object */ = {
			isa = PBXProject;
			attributes = {
				LastSwiftUpdateCheck = 0830;
				LastUpgradeCheck = 0830;
				ORGANIZATIONNAME = "Aidan Aden";
				TargetAttributes = {
					306CE1FE1F33529800387F54 = {
						CreatedOnToolsVersion = 8.3.3;
						DevelopmentTeam = T8EK39XC68;
						ProvisioningStyle = Automatic;
					};
				};
			};
			buildConfigurationList = 306CE1FA1F33529800387F54 /* Build configuration list for PBXProject "AppStoreClone" */;
			compatibilityVersion = "Xcode 3.2";
			developmentRegion = English;
			hasScannedForEncodings = 0;
			knownRegions = (
				en,
				Base,
			);
			mainGroup = 306CE1F61F33529800387F54;
			productRefGroup = 306CE2001F33529800387F54 /* Products */;
			projectDirPath = "";
			projectRoot = "";
			targets = (
				306CE1FE1F33529800387F54 /* AppStoreClone */,
			);
		};
/* End PBXProject section */

/* Begin PBXResourcesBuildPhase section */
		306CE1FD1F33529800387F54 /* Resources */ = {
			isa = PBXResourcesBuildPhase;
			buildActionMask = 2147483647;
			files = (
				306CE2101F33529800387F54 /* LaunchScreen.storyboard in Resources */,
				306CE20D1F33529800387F54 /* Assets.xcassets in Resources */,
			);
			runOnlyForDeploymentPostprocessing = 0;
		};
/* End PBXResourcesBuildPhase section */

/* Begin PBXShellScriptBuildPhase section */
		014C3C9C4C7AD279BF15E42F /* [CP] Embed Pods Frameworks */ = {
			isa = PBXShellScriptBuildPhase;
			buildActionMask = 2147483647;
			files = (
			);
			inputPaths = (
			);
			name = "[CP] Embed Pods Frameworks";
			outputPaths = (
			);
			runOnlyForDeploymentPostprocessing = 0;
			shellPath = /bin/sh;
			shellScript = "\"${SRCROOT}/Pods/Target Support Files/Pods-AppStoreClone/Pods-AppStoreClone-frameworks.sh\"\n";
			showEnvVarsInLog = 0;
		};
		9ED0EE9EB34BA3BDCBC28F14 /* [CP] Copy Pods Resources */ = {
			isa = PBXShellScriptBuildPhase;
			buildActionMask = 2147483647;
			files = (
			);
			inputPaths = (
			);
			name = "[CP] Copy Pods Resources";
			outputPaths = (
			);
			runOnlyForDeploymentPostprocessing = 0;
			shellPath = /bin/sh;
			shellScript = "\"${SRCROOT}/Pods/Target Support Files/Pods-AppStoreClone/Pods-AppStoreClone-resources.sh\"\n";
			showEnvVarsInLog = 0;
		};
		A1E50A631B0F33DF9CA2F4F7 /* [CP] Check Pods Manifest.lock */ = {
			isa = PBXShellScriptBuildPhase;
			buildActionMask = 2147483647;
			files = (
			);
			inputPaths = (
			);
			name = "[CP] Check Pods Manifest.lock";
			outputPaths = (
			);
			runOnlyForDeploymentPostprocessing = 0;
			shellPath = /bin/sh;
			shellScript = "diff \"${PODS_ROOT}/../Podfile.lock\" \"${PODS_ROOT}/Manifest.lock\" > /dev/null\nif [[ $? != 0 ]] ; then\n    cat << EOM\nerror: The sandbox is not in sync with the Podfile.lock. Run 'pod install' or update your CocoaPods installation.\nEOM\n    exit 1\nfi\n";
			showEnvVarsInLog = 0;
		};
/* End PBXShellScriptBuildPhase section */

/* Begin PBXSourcesBuildPhase section */
		306CE1FB1F33529800387F54 /* Sources */ = {
			isa = PBXSourcesBuildPhase;
			buildActionMask = 2147483647;
			files = (
				303A90F81F335A0B00102C51 /* AppCell.swift in Sources */,
				3085CFF81F34A87900D4D54B /* Header.swift in Sources */,
				306CE2051F33529800387F54 /* FeaturedAppsController.swift in Sources */,
				306CE2031F33529800387F54 /* AppDelegate.swift in Sources */,
				3085CFF41F34A32000D4D54B /* LargeCategoryCell.swift in Sources */,
				3085CFFE1F34B64100D4D54B /* SnappingCollectionViewLayout.swift in Sources */,
				306CE20B1F33529800387F54 /* AppStoreClone.xcdatamodeld in Sources */,
				303A90F61F3354A500102C51 /* CategoryCell.swift in Sources */,
				303A90FD1F345F1F00102C51 /* App.swift in Sources */,
				303A90FB1F345EE500102C51 /* AppCategory.swift in Sources */,
				3085CFFA1F34AD8D00D4D54B /* FeaturedApps.swift in Sources */,
			);
			runOnlyForDeploymentPostprocessing = 0;
		};
/* End PBXSourcesBuildPhase section */

/* Begin PBXVariantGroup section */
		306CE20E1F33529800387F54 /* LaunchScreen.storyboard */ = {
			isa = PBXVariantGroup;
			children = (
				306CE20F1F33529800387F54 /* Base */,
			);
			name = LaunchScreen.storyboard;
			sourceTree = "<group>";
		};
/* End PBXVariantGroup section */

/* Begin XCBuildConfiguration section */
		306CE2121F33529800387F54 /* Debug */ = {
			isa = XCBuildConfiguration;
			buildSettings = {
				ALWAYS_SEARCH_USER_PATHS = NO;
				CLANG_ANALYZER_NONNULL = YES;
				CLANG_ANALYZER_NUMBER_OBJECT_CONVERSION = YES_AGGRESSIVE;
				CLANG_CXX_LANGUAGE_STANDARD = "gnu++0x";
				CLANG_CXX_LIBRARY = "libc++";
				CLANG_ENABLE_MODULES = YES;
				CLANG_ENABLE_OBJC_ARC = YES;
				CLANG_WARN_BOOL_CONVERSION = YES;
				CLANG_WARN_CONSTANT_CONVERSION = YES;
				CLANG_WARN_DIRECT_OBJC_ISA_USAGE = YES_ERROR;
				CLANG_WARN_DOCUMENTATION_COMMENTS = YES;
				CLANG_WARN_EMPTY_BODY = YES;
				CLANG_WARN_ENUM_CONVERSION = YES;
				CLANG_WARN_INFINITE_RECURSION = YES;
				CLANG_WARN_INT_CONVERSION = YES;
				CLANG_WARN_OBJC_ROOT_CLASS = YES_ERROR;
				CLANG_WARN_SUSPICIOUS_MOVE = YES;
				CLANG_WARN_UNREACHABLE_CODE = YES;
				CLANG_WARN__DUPLICATE_METHOD_MATCH = YES;
				"CODE_SIGN_IDENTITY[sdk=iphoneos*]" = "iPhone Developer";
				COPY_PHASE_STRIP = NO;
				DEBUG_INFORMATION_FORMAT = dwarf;
				ENABLE_STRICT_OBJC_MSGSEND = YES;
				ENABLE_TESTABILITY = YES;
				GCC_C_LANGUAGE_STANDARD = gnu99;
				GCC_DYNAMIC_NO_PIC = NO;
				GCC_NO_COMMON_BLOCKS = YES;
				GCC_OPTIMIZATION_LEVEL = 0;
				GCC_PREPROCESSOR_DEFINITIONS = (
					"DEBUG=1",
					"$(inherited)",
				);
				GCC_WARN_64_TO_32_BIT_CONVERSION = YES;
				GCC_WARN_ABOUT_RETURN_TYPE = YES_ERROR;
				GCC_WARN_UNDECLARED_SELECTOR = YES;
				GCC_WARN_UNINITIALIZED_AUTOS = YES_AGGRESSIVE;
				GCC_WARN_UNUSED_FUNCTION = YES;
				GCC_WARN_UNUSED_VARIABLE = YES;
				IPHONEOS_DEPLOYMENT_TARGET = 10.3;
				MTL_ENABLE_DEBUG_INFO = YES;
				ONLY_ACTIVE_ARCH = YES;
				SDKROOT = iphoneos;
				SWIFT_ACTIVE_COMPILATION_CONDITIONS = DEBUG;
				SWIFT_OPTIMIZATION_LEVEL = "-Onone";
			};
			name = Debug;
		};
		306CE2131F33529800387F54 /* Release */ = {
			isa = XCBuildConfiguration;
			buildSettings = {
				ALWAYS_SEARCH_USER_PATHS = NO;
				CLANG_ANALYZER_NONNULL = YES;
				CLANG_ANALYZER_NUMBER_OBJECT_CONVERSION = YES_AGGRESSIVE;
				CLANG_CXX_LANGUAGE_STANDARD = "gnu++0x";
				CLANG_CXX_LIBRARY = "libc++";
				CLANG_ENABLE_MODULES = YES;
				CLANG_ENABLE_OBJC_ARC = YES;
				CLANG_WARN_BOOL_CONVERSION = YES;
				CLANG_WARN_CONSTANT_CONVERSION = YES;
				CLANG_WARN_DIRECT_OBJC_ISA_USAGE = YES_ERROR;
				CLANG_WARN_DOCUMENTATION_COMMENTS = YES;
				CLANG_WARN_EMPTY_BODY = YES;
				CLANG_WARN_ENUM_CONVERSION = YES;
				CLANG_WARN_INFINITE_RECURSION = YES;
				CLANG_WARN_INT_CONVERSION = YES;
				CLANG_WARN_OBJC_ROOT_CLASS = YES_ERROR;
				CLANG_WARN_SUSPICIOUS_MOVE = YES;
				CLANG_WARN_UNREACHABLE_CODE = YES;
				CLANG_WARN__DUPLICATE_METHOD_MATCH = YES;
				"CODE_SIGN_IDENTITY[sdk=iphoneos*]" = "iPhone Developer";
				COPY_PHASE_STRIP = NO;
				DEBUG_INFORMATION_FORMAT = "dwarf-with-dsym";
				ENABLE_NS_ASSERTIONS = NO;
				ENABLE_STRICT_OBJC_MSGSEND = YES;
				GCC_C_LANGUAGE_STANDARD = gnu99;
				GCC_NO_COMMON_BLOCKS = YES;
				GCC_WARN_64_TO_32_BIT_CONVERSION = YES;
				GCC_WARN_ABOUT_RETURN_TYPE = YES_ERROR;
				GCC_WARN_UNDECLARED_SELECTOR = YES;
				GCC_WARN_UNINITIALIZED_AUTOS = YES_AGGRESSIVE;
				GCC_WARN_UNUSED_FUNCTION = YES;
				GCC_WARN_UNUSED_VARIABLE = YES;
				IPHONEOS_DEPLOYMENT_TARGET = 10.3;
				MTL_ENABLE_DEBUG_INFO = NO;
				SDKROOT = iphoneos;
				SWIFT_OPTIMIZATION_LEVEL = "-Owholemodule";
				VALIDATE_PRODUCT = YES;
			};
			name = Release;
		};
		306CE2151F33529800387F54 /* Debug */ = {
			isa = XCBuildConfiguration;
			baseConfigurationReference = F18693C78BB715FE2098C7BA /* Pods-AppStoreClone.debug.xcconfig */;
			buildSettings = {
				ASSETCATALOG_COMPILER_APPICON_NAME = AppIcon;
				DEVELOPMENT_TEAM = T8EK39XC68;
				INFOPLIST_FILE = AppStoreClone/Info.plist;
				LD_RUNPATH_SEARCH_PATHS = "$(inherited) @executable_path/Frameworks";
				PRODUCT_BUNDLE_IDENTIFIER = com.aidan.AppStoreClone;
				PRODUCT_NAME = "$(TARGET_NAME)";
				SWIFT_VERSION = 3.0;
			};
			name = Debug;
		};
		306CE2161F33529800387F54 /* Release */ = {
			isa = XCBuildConfiguration;
			baseConfigurationReference = F20075F2D73E20F93F910225 /* Pods-AppStoreClone.release.xcconfig */;
			buildSettings = {
				ASSETCATALOG_COMPILER_APPICON_NAME = AppIcon;
				DEVELOPMENT_TEAM = T8EK39XC68;
				INFOPLIST_FILE = AppStoreClone/Info.plist;
				LD_RUNPATH_SEARCH_PATHS = "$(inherited) @executable_path/Frameworks";
				PRODUCT_BUNDLE_IDENTIFIER = com.aidan.AppStoreClone;
				PRODUCT_NAME = "$(TARGET_NAME)";
				SWIFT_VERSION = 3.0;
			};
			name = Release;
		};
/* End XCBuildConfiguration section */

/* Begin XCConfigurationList section */
		306CE1FA1F33529800387F54 /* Build configuration list for PBXProject "AppStoreClone" */ = {
			isa = XCConfigurationList;
			buildConfigurations = (
				306CE2121F33529800387F54 /* Debug */,
				306CE2131F33529800387F54 /* Release */,
			);
			defaultConfigurationIsVisible = 0;
			defaultConfigurationName = Release;
		};
		306CE2141F33529800387F54 /* Build configuration list for PBXNativeTarget "AppStoreClone" */ = {
			isa = XCConfigurationList;
			buildConfigurations = (
				306CE2151F33529800387F54 /* Debug */,
				306CE2161F33529800387F54 /* Release */,
			);
			defaultConfigurationIsVisible = 0;
			defaultConfigurationName = Release;
		};
/* End XCConfigurationList section */

/* Begin XCVersionGroup section */
		306CE2091F33529800387F54 /* AppStoreClone.xcdatamodeld */ = {
			isa = XCVersionGroup;
			children = (
				306CE20A1F33529800387F54 /* AppStoreClone.xcdatamodel */,
			);
			currentVersion = 306CE20A1F33529800387F54 /* AppStoreClone.xcdatamodel */;
			path = AppStoreClone.xcdatamodeld;
			sourceTree = "<group>";
			versionGroupType = wrapper.xcdatamodel;
		};
/* End XCVersionGroup section */
	};
	rootObject = 306CE1F71F33529800387F54 /* Project object */;
}
